
Microsoft Visual Studio Solution File, Format Version 12.00
# Visual Studio Version 16
VisualStudioVersion = 16.0.30309.148
MinimumVisualStudioVersion = 10.0.40219.1
Project("{FAE04EC0-301F-11D3-BF4B-00C04F79EFBC}") = "ResourceGraphDemo", "ResourceGraphDemo\ResourceGraphDemo.csproj", "{A9E927CA-405F-4430-A4E7-5200FC71A723}"
EndProject
Global
	GlobalSection(SolutionConfigurationPlatforms) = preSolution
		Debug|Any CPU = Debug|Any CPU
		Release|Any CPU = Release|Any CPU
	EndGlobalSection
	GlobalSection(ProjectConfigurationPlatforms) = postSolution
		{A9E927CA-405F-4430-A4E7-5200FC71A723}.Debug|Any CPU.ActiveCfg = Debug|Any CPU
		{A9E927CA-405F-4430-A4E7-5200FC71A723}.Debug|Any CPU.Build.0 = Debug|Any CPU
		{A9E927CA-405F-4430-A4E7-5200FC71A723}.Release|Any CPU.ActiveCfg = Release|Any CPU
		{A9E927CA-405F-4430-A4E7-5200FC71A723}.Release|Any CPU.Build.0 = Release|Any CPU
	EndGlobalSection
	GlobalSection(SolutionProperties) = preSolution
		HideSolutionNode = FALSE
	EndGlobalSection
	GlobalSection(ExtensibilityGlobals) = postSolution
		SolutionGuid = {7AEF8694-0AF9-4687-8115-ED5E58D9D18D}
	EndGlobalSection
EndGlobal
